
Microsoft Visual Studio Solution File, Format Version 12.00
Project("{2150E333-8FDC-42A3-9474-1A3956D46DE8}") = ".solutionItems", ".solutionItems", "{44C2AE4A-2554-4890-8B70-A04544FB1C53}"
ProjectSection(SolutionItems) = preProject
	.editorconfig = .editorconfig
	.gitattributes = .gitattributes
	.gitignore = .gitignore
EndProjectSection
EndProject
Project("{FAE04EC0-301F-11D3-BF4B-00C04F79EFBC}") = "NifViewer.Example", "NifViewer.Example\NifViewer.Example.csproj", "{DC3CED07-6445-4DFD-9898-50E4DC3429B4}"
EndProject
Project("{FAE04EC0-301F-11D3-BF4B-00C04F79EFBC}") = "NifViewer.Lib", "NifViewer.Lib\NifViewer.Lib.csproj", "{D31BB4B8-6DCF-4BD6-ACC8-483EECE7589C}"
EndProject
Global
	GlobalSection(SolutionConfigurationPlatforms) = preSolution
		Debug|Any CPU = Debug|Any CPU
		Debug|x64 = Debug|x64
		Release|Any CPU = Release|Any CPU
		Release|x64 = Release|x64
	EndGlobalSection
	GlobalSection(ProjectConfigurationPlatforms) = postSolution
		{DC3CED07-6445-4DFD-9898-50E4DC3429B4}.Debug|Any CPU.ActiveCfg = Debug|Any CPU
		{DC3CED07-6445-4DFD-9898-50E4DC3429B4}.Debug|Any CPU.Build.0 = Debug|Any CPU
		{DC3CED07-6445-4DFD-9898-50E4DC3429B4}.Release|Any CPU.ActiveCfg = Release|Any CPU
		{DC3CED07-6445-4DFD-9898-50E4DC3429B4}.Release|Any CPU.Build.0 = Release|Any CPU
		{DC3CED07-6445-4DFD-9898-50E4DC3429B4}.Debug|x64.ActiveCfg = Debug|x64
		{DC3CED07-6445-4DFD-9898-50E4DC3429B4}.Debug|x64.Build.0 = Debug|x64
		{DC3CED07-6445-4DFD-9898-50E4DC3429B4}.Release|x64.ActiveCfg = Release|x64
		{DC3CED07-6445-4DFD-9898-50E4DC3429B4}.Release|x64.Build.0 = Release|x64
		{D31BB4B8-6DCF-4BD6-ACC8-483EECE7589C}.Debug|Any CPU.ActiveCfg = Debug|Any CPU
		{D31BB4B8-6DCF-4BD6-ACC8-483EECE7589C}.Debug|Any CPU.Build.0 = Debug|Any CPU
		{D31BB4B8-6DCF-4BD6-ACC8-483EECE7589C}.Release|Any CPU.ActiveCfg = Release|Any CPU
		{D31BB4B8-6DCF-4BD6-ACC8-483EECE7589C}.Release|Any CPU.Build.0 = Release|Any CPU
		{D31BB4B8-6DCF-4BD6-ACC8-483EECE7589C}.Debug|x64.ActiveCfg = Debug|x64
		{D31BB4B8-6DCF-4BD6-ACC8-483EECE7589C}.Debug|x64.Build.0 = Debug|x64
		{D31BB4B8-6DCF-4BD6-ACC8-483EECE7589C}.Release|x64.ActiveCfg = Release|x64
		{D31BB4B8-6DCF-4BD6-ACC8-483EECE7589C}.Release|x64.Build.0 = Release|x64
	EndGlobalSection
EndGlobal
